
Microsoft Visual Studio Solution File, Format Version 12.00
# Visual Studio Version 17
VisualStudioVersion = 17.7.34202.233
MinimumVisualStudioVersion = 10.0.40219.1
Project("{FAE04EC0-301F-11D3-BF4B-00C04F79EFBC}") = "[Speed] APISample", "[Speed] APISample\[Speed] APISample.csproj", "{7D451A27-19B9-4960-917C-126829E43CBB}"
EndProject
Global
	GlobalSection(SolutionConfigurationPlatforms) = preSolution
		Debug|Any CPU = Debug|Any CPU
		Release|Any CPU = Release|Any CPU
	EndGlobalSection
	GlobalSection(ProjectConfigurationPlatforms) = postSolution
		{7D451A27-19B9-4960-917C-126829E43CBB}.Debug|Any CPU.ActiveCfg = Debug|Any CPU
		{7D451A27-19B9-4960-917C-126829E43CBB}.Debug|Any CPU.Build.0 = Debug|Any CPU
		{7D451A27-19B9-4960-917C-126829E43CBB}.Release|Any CPU.ActiveCfg = Release|Any CPU
		{7D451A27-19B9-4960-917C-126829E43CBB}.Release|Any CPU.Build.0 = Release|Any CPU
	EndGlobalSection
	GlobalSection(SolutionProperties) = preSolution
		HideSolutionNode = FALSE
	EndGlobalSection
	GlobalSection(ExtensibilityGlobals) = postSolution
		SolutionGuid = {E1D3C385-0257-458A-B6AA-35ECB3530AE4}
	EndGlobalSection
EndGlobal
